
Microsoft Visual Studio Solution File, Format Version 12.00
# Visual Studio Version 16
VisualStudioVersion = 16.0.29519.181
MinimumVisualStudioVersion = 10.0.40219.1
Project("{8BC9CEB8-8B4A-11D0-8D11-00A0C91BC942}") = "AnimationDemo", "Demos\AnimationDemo\AnimationDemo.vcxproj", "{8E8709C8-7501-442C-8CEC-2C52A2030E96}"
EndProject
Project("{8BC9CEB8-8B4A-11D0-8D11-00A0C91BC942}") = "GameEngine", "GameEngine\GameEngine.vcxproj", "{9540C54E-0519-4462-A3EA-38C3A8BFC2AA}"
EndProject
Project("{2150E333-8FDC-42A3-9474-1A3956D46DE8}") = "ThirdParty", "ThirdParty", "{2F2FE70D-19AD-4C3D-BBA7-C72C4D203F88}"
EndProject
Project("{8BC9CEB8-8B4A-11D0-8D11-00A0C91BC942}") = "Bullet", "ThirdParty\Bullet\Bullet.vcxproj", "{89E89497-C08F-4063-8CC4-5215FDA7CDB5}"
EndProject
Project("{8BC9CEB8-8B4A-11D0-8D11-00A0C91BC942}") = "etcpack", "ThirdParty\ETCPACK\ETCPACK.vcxproj", "{51CC7F85-4194-4641-8CBB-05B92E839C25}"
EndProject
Project("{8BC9CEB8-8B4A-11D0-8D11-00A0C91BC942}") = "FreeType", "ThirdParty\FreeType\FreeType.vcxproj", "{CA681765-815C-4598-903C-870682F70A75}"
EndProject
Project("{8BC9CEB8-8B4A-11D0-8D11-00A0C91BC942}") = "glew", "ThirdParty\glew\glew.vcxproj", "{FBFCBBD0-8153-48A9-A3DF-0E5D2503B903}"
EndProject
Project("{8BC9CEB8-8B4A-11D0-8D11-00A0C91BC942}") = "libcpuid", "ThirdParty\libcpuid\libcpuid.vcxproj", "{9E33EEB6-2B08-4965-9612-8E2CAD489E4E}"
EndProject
Project("{8BC9CEB8-8B4A-11D0-8D11-00A0C91BC942}") = "lz4", "ThirdParty\lz4\lz4.vcxproj", "{A1DAFBF7-B737-4833-87ED-72D5F095186C}"
EndProject
Project("{8BC9CEB8-8B4A-11D0-8D11-00A0C91BC942}") = "PugiXml", "ThirdParty\PugiXml\PugiXml.vcxproj", "{42A466F9-DF7E-4D41-9397-4A3D7E7D5B41}"
EndProject
Project("{8BC9CEB8-8B4A-11D0-8D11-00A0C91BC942}") = "rapidjson", "ThirdParty\rapidjson\rapidjson.vcxproj", "{E6FD3136-144C-4EEE-BBD7-EDE73713D1CF}"
EndProject
Project("{8BC9CEB8-8B4A-11D0-8D11-00A0C91BC942}") = "sdl", "ThirdParty\sdl\sdl.vcxproj", "{F8EFF482-DE1A-4379-A5C6-09FE038327AB}"
EndProject
Project("{8BC9CEB8-8B4A-11D0-8D11-00A0C91BC942}") = "StanHull", "ThirdParty\StanHull\StanHull.vcxproj", "{38E874CD-4AD9-4618-B7DB-8173E89D1FEE}"
EndProject
Project("{8BC9CEB8-8B4A-11D0-8D11-00A0C91BC942}") = "stb", "ThirdParty\stb\stb.vcxproj", "{7BDFD96F-5287-45BC-9C29-6CE7D1369CED}"
EndProject
Global
	GlobalSection(SolutionConfigurationPlatforms) = preSolution
		Debug|x64 = Debug|x64
		Debug|x86 = Debug|x86
		Release|x64 = Release|x64
		Release|x86 = Release|x86
	EndGlobalSection
	GlobalSection(ProjectConfigurationPlatforms) = postSolution
		{8E8709C8-7501-442C-8CEC-2C52A2030E96}.Debug|x64.ActiveCfg = Debug|x64
		{8E8709C8-7501-442C-8CEC-2C52A2030E96}.Debug|x64.Build.0 = Debug|x64
		{8E8709C8-7501-442C-8CEC-2C52A2030E96}.Debug|x86.ActiveCfg = Debug|Win32
		{8E8709C8-7501-442C-8CEC-2C52A2030E96}.Debug|x86.Build.0 = Debug|Win32
		{8E8709C8-7501-442C-8CEC-2C52A2030E96}.Release|x64.ActiveCfg = Release|x64
		{8E8709C8-7501-442C-8CEC-2C52A2030E96}.Release|x64.Build.0 = Release|x64
		{8E8709C8-7501-442C-8CEC-2C52A2030E96}.Release|x86.ActiveCfg = Release|Win32
		{8E8709C8-7501-442C-8CEC-2C52A2030E96}.Release|x86.Build.0 = Release|Win32
		{9540C54E-0519-4462-A3EA-38C3A8BFC2AA}.Debug|x64.ActiveCfg = Debug|x64
		{9540C54E-0519-4462-A3EA-38C3A8BFC2AA}.Debug|x64.Build.0 = Debug|x64
		{9540C54E-0519-4462-A3EA-38C3A8BFC2AA}.Debug|x86.ActiveCfg = Debug|Win32
		{9540C54E-0519-4462-A3EA-38C3A8BFC2AA}.Debug|x86.Build.0 = Debug|Win32
		{9540C54E-0519-4462-A3EA-38C3A8BFC2AA}.Release|x64.ActiveCfg = Release|x64
		{9540C54E-0519-4462-A3EA-38C3A8BFC2AA}.Release|x64.Build.0 = Release|x64
		{9540C54E-0519-4462-A3EA-38C3A8BFC2AA}.Release|x86.ActiveCfg = Release|Win32
		{9540C54E-0519-4462-A3EA-38C3A8BFC2AA}.Release|x86.Build.0 = Release|Win32
		{89E89497-C08F-4063-8CC4-5215FDA7CDB5}.Debug|x64.ActiveCfg = Debug|x64
		{89E89497-C08F-4063-8CC4-5215FDA7CDB5}.Debug|x64.Build.0 = Debug|x64
		{89E89497-C08F-4063-8CC4-5215FDA7CDB5}.Debug|x86.ActiveCfg = Debug|Win32
		{89E89497-C08F-4063-8CC4-5215FDA7CDB5}.Debug|x86.Build.0 = Debug|Win32
		{89E89497-C08F-4063-8CC4-5215FDA7CDB5}.Release|x64.ActiveCfg = Release|x64
		{89E89497-C08F-4063-8CC4-5215FDA7CDB5}.Release|x64.Build.0 = Release|x64
		{89E89497-C08F-4063-8CC4-5215FDA7CDB5}.Release|x86.ActiveCfg = Release|Win32
		{89E89497-C08F-4063-8CC4-5215FDA7CDB5}.Release|x86.Build.0 = Release|Win32
		{51CC7F85-4194-4641-8CBB-05B92E839C25}.Debug|x64.ActiveCfg = Debug|x64
		{51CC7F85-4194-4641-8CBB-05B92E839C25}.Debug|x64.Build.0 = Debug|x64
		{51CC7F85-4194-4641-8CBB-05B92E839C25}.Debug|x86.ActiveCfg = Debug|Win32
		{51CC7F85-4194-4641-8CBB-05B92E839C25}.Debug|x86.Build.0 = Debug|Win32
		{51CC7F85-4194-4641-8CBB-05B92E839C25}.Release|x64.ActiveCfg = Release|x64
		{51CC7F85-4194-4641-8CBB-05B92E839C25}.Release|x64.Build.0 = Release|x64
		{51CC7F85-4194-4641-8CBB-05B92E839C25}.Release|x86.ActiveCfg = Release|Win32
		{51CC7F85-4194-4641-8CBB-05B92E839C25}.Release|x86.Build.0 = Release|Win32
		{CA681765-815C-4598-903C-870682F70A75}.Debug|x64.ActiveCfg = Debug|x64
		{CA681765-815C-4598-903C-870682F70A75}.Debug|x64.Build.0 = Debug|x64
		{CA681765-815C-4598-903C-870682F70A75}.Debug|x86.ActiveCfg = Debug|Win32
		{CA681765-815C-4598-903C-870682F70A75}.Debug|x86.Build.0 = Debug|Win32
		{CA681765-815C-4598-903C-870682F70A75}.Release|x64.ActiveCfg = Release|x64
		{CA681765-815C-4598-903C-870682F70A75}.Release|x64.Build.0 = Release|x64
		{CA681765-815C-4598-903C-870682F70A75}.Release|x86.ActiveCfg = Release|Win32
		{CA681765-815C-4598-903C-870682F70A75}.Release|x86.Build.0 = Release|Win32
		{FBFCBBD0-8153-48A9-A3DF-0E5D2503B903}.Debug|x64.ActiveCfg = Debug|x64
		{FBFCBBD0-8153-48A9-A3DF-0E5D2503B903}.Debug|x64.Build.0 = Debug|x64
		{FBFCBBD0-8153-48A9-A3DF-0E5D2503B903}.Debug|x86.ActiveCfg = Debug|Win32
		{FBFCBBD0-8153-48A9-A3DF-0E5D2503B903}.Debug|x86.Build.0 = Debug|Win32
		{FBFCBBD0-8153-48A9-A3DF-0E5D2503B903}.Release|x64.ActiveCfg = Release|x64
		{FBFCBBD0-8153-48A9-A3DF-0E5D2503B903}.Release|x64.Build.0 = Release|x64
		{FBFCBBD0-8153-48A9-A3DF-0E5D2503B903}.Release|x86.ActiveCfg = Release|Win32
		{FBFCBBD0-8153-48A9-A3DF-0E5D2503B903}.Release|x86.Build.0 = Release|Win32
		{9E33EEB6-2B08-4965-9612-8E2CAD489E4E}.Debug|x64.ActiveCfg = Debug|x64
		{9E33EEB6-2B08-4965-9612-8E2CAD489E4E}.Debug|x64.Build.0 = Debug|x64
		{9E33EEB6-2B08-4965-9612-8E2CAD489E4E}.Debug|x86.ActiveCfg = Debug|Win32
		{9E33EEB6-2B08-4965-9612-8E2CAD489E4E}.Debug|x86.Build.0 = Debug|Win32
		{9E33EEB6-2B08-4965-9612-8E2CAD489E4E}.Release|x64.ActiveCfg = Release|x64
		{9E33EEB6-2B08-4965-9612-8E2CAD489E4E}.Release|x64.Build.0 = Release|x64
		{9E33EEB6-2B08-4965-9612-8E2CAD489E4E}.Release|x86.ActiveCfg = Release|Win32
		{9E33EEB6-2B08-4965-9612-8E2CAD489E4E}.Release|x86.Build.0 = Release|Win32
		{A1DAFBF7-B737-4833-87ED-72D5F095186C}.Debug|x64.ActiveCfg = Debug|x64
		{A1DAFBF7-B737-4833-87ED-72D5F095186C}.Debug|x64.Build.0 = Debug|x64
		{A1DAFBF7-B737-4833-87ED-72D5F095186C}.Debug|x86.ActiveCfg = Debug|Win32
		{A1DAFBF7-B737-4833-87ED-72D5F095186C}.Debug|x86.Build.0 = Debug|Win32
		{A1DAFBF7-B737-4833-87ED-72D5F095186C}.Release|x64.ActiveCfg = Release|x64
		{A1DAFBF7-B737-4833-87ED-72D5F095186C}.Release|x64.Build.0 = Release|x64
		{A1DAFBF7-B737-4833-87ED-72D5F095186C}.Release|x86.ActiveCfg = Release|Win32
		{A1DAFBF7-B737-4833-87ED-72D5F095186C}.Release|x86.Build.0 = Release|Win32
		{42A466F9-DF7E-4D41-9397-4A3D7E7D5B41}.Debug|x64.ActiveCfg = Debug|x64
		{42A466F9-DF7E-4D41-9397-4A3D7E7D5B41}.Debug|x64.Build.0 = Debug|x64
		{42A466F9-DF7E-4D41-9397-4A3D7E7D5B41}.Debug|x86.ActiveCfg = Debug|Win32
		{42A466F9-DF7E-4D41-9397-4A3D7E7D5B41}.Debug|x86.Build.0 = Debug|Win32
		{42A466F9-DF7E-4D41-9397-4A3D7E7D5B41}.Release|x64.ActiveCfg = Release|x64
		{42A466F9-DF7E-4D41-9397-4A3D7E7D5B41}.Release|x64.Build.0 = Release|x64
		{42A466F9-DF7E-4D41-9397-4A3D7E7D5B41}.Release|x86.ActiveCfg = Release|Win32
		{42A466F9-DF7E-4D41-9397-4A3D7E7D5B41}.Release|x86.Build.0 = Release|Win32
		{E6FD3136-144C-4EEE-BBD7-EDE73713D1CF}.Debug|x64.ActiveCfg = Debug|x64
		{E6FD3136-144C-4EEE-BBD7-EDE73713D1CF}.Debug|x64.Build.0 = Debug|x64
		{E6FD3136-144C-4EEE-BBD7-EDE73713D1CF}.Debug|x86.ActiveCfg = Debug|Win32
		{E6FD3136-144C-4EEE-BBD7-EDE73713D1CF}.Debug|x86.Build.0 = Debug|Win32
		{E6FD3136-144C-4EEE-BBD7-EDE73713D1CF}.Release|x64.ActiveCfg = Release|x64
		{E6FD3136-144C-4EEE-BBD7-EDE73713D1CF}.Release|x64.Build.0 = Release|x64
		{E6FD3136-144C-4EEE-BBD7-EDE73713D1CF}.Release|x86.ActiveCfg = Release|Win32
		{E6FD3136-144C-4EEE-BBD7-EDE73713D1CF}.Release|x86.Build.0 = Release|Win32
		{F8EFF482-DE1A-4379-A5C6-09FE038327AB}.Debug|x64.ActiveCfg = Debug|x64
		{F8EFF482-DE1A-4379-A5C6-09FE038327AB}.Debug|x64.Build.0 = Debug|x64
		{F8EFF482-DE1A-4379-A5C6-09FE038327AB}.Debug|x86.ActiveCfg = Debug|Win32
		{F8EFF482-DE1A-4379-A5C6-09FE038327AB}.Debug|x86.Build.0 = Debug|Win32
		{F8EFF482-DE1A-4379-A5C6-09FE038327AB}.Release|x64.ActiveCfg = Release|x64
		{F8EFF482-DE1A-4379-A5C6-09FE038327AB}.Release|x64.Build.0 = Release|x64
		{F8EFF482-DE1A-4379-A5C6-09FE038327AB}.Release|x86.ActiveCfg = Release|Win32
		{F8EFF482-DE1A-4379-A5C6-09FE038327AB}.Release|x86.Build.0 = Release|Win32
		{38E874CD-4AD9-4618-B7DB-8173E89D1FEE}.Debug|x64.ActiveCfg = Debug|x64
		{38E874CD-4AD9-4618-B7DB-8173E89D1FEE}.Debug|x64.Build.0 = Debug|x64
		{38E874CD-4AD9-4618-B7DB-8173E89D1FEE}.Debug|x86.ActiveCfg = Debug|Win32
		{38E874CD-4AD9-4618-B7DB-8173E89D1FEE}.Debug|x86.Build.0 = Debug|Win32
		{38E874CD-4AD9-4618-B7DB-8173E89D1FEE}.Release|x64.ActiveCfg = Release|x64
		{38E874CD-4AD9-4618-B7DB-8173E89D1FEE}.Release|x64.Build.0 = Release|x64
		{38E874CD-4AD9-4618-B7DB-8173E89D1FEE}.Release|x86.ActiveCfg = Release|Win32
		{38E874CD-4AD9-4618-B7DB-8173E89D1FEE}.Release|x86.Build.0 = Release|Win32
		{7BDFD96F-5287-45BC-9C29-6CE7D1369CED}.Debug|x64.ActiveCfg = Debug|x64
		{7BDFD96F-5287-45BC-9C29-6CE7D1369CED}.Debug|x64.Build.0 = Debug|x64
		{7BDFD96F-5287-45BC-9C29-6CE7D1369CED}.Debug|x86.ActiveCfg = Debug|Win32
		{7BDFD96F-5287-45BC-9C29-6CE7D1369CED}.Debug|x86.Build.0 = Debug|Win32
		{7BDFD96F-5287-45BC-9C29-6CE7D1369CED}.Release|x64.ActiveCfg = Release|x64
		{7BDFD96F-5287-45BC-9C29-6CE7D1369CED}.Release|x64.Build.0 = Release|x64
		{7BDFD96F-5287-45BC-9C29-6CE7D1369CED}.Release|x86.ActiveCfg = Release|Win32
		{7BDFD96F-5287-45BC-9C29-6CE7D1369CED}.Release|x86.Build.0 = Release|Win32
	EndGlobalSection
	GlobalSection(SolutionProperties) = preSolution
		HideSolutionNode = FALSE
	EndGlobalSection
	GlobalSection(NestedProjects) = preSolution
		{89E89497-C08F-4063-8CC4-5215FDA7CDB5} = {2F2FE70D-19AD-4C3D-BBA7-C72C4D203F88}
		{51CC7F85-4194-4641-8CBB-05B92E839C25} = {2F2FE70D-19AD-4C3D-BBA7-C72C4D203F88}
		{CA681765-815C-4598-903C-870682F70A75} = {2F2FE70D-19AD-4C3D-BBA7-C72C4D203F88}
		{FBFCBBD0-8153-48A9-A3DF-0E5D2503B903} = {2F2FE70D-19AD-4C3D-BBA7-C72C4D203F88}
		{9E33EEB6-2B08-4965-9612-8E2CAD489E4E} = {2F2FE70D-19AD-4C3D-BBA7-C72C4D203F88}
		{A1DAFBF7-B737-4833-87ED-72D5F095186C} = {2F2FE70D-19AD-4C3D-BBA7-C72C4D203F88}
		{42A466F9-DF7E-4D41-9397-4A3D7E7D5B41} = {2F2FE70D-19AD-4C3D-BBA7-C72C4D203F88}
		{E6FD3136-144C-4EEE-BBD7-EDE73713D1CF} = {2F2FE70D-19AD-4C3D-BBA7-C72C4D203F88}
		{F8EFF482-DE1A-4379-A5C6-09FE038327AB} = {2F2FE70D-19AD-4C3D-BBA7-C72C4D203F88}
		{38E874CD-4AD9-4618-B7DB-8173E89D1FEE} = {2F2FE70D-19AD-4C3D-BBA7-C72C4D203F88}
		{7BDFD96F-5287-45BC-9C29-6CE7D1369CED} = {2F2FE70D-19AD-4C3D-BBA7-C72C4D203F88}
	EndGlobalSection
	GlobalSection(ExtensibilityGlobals) = postSolution
		SolutionGuid = {14DA9BAB-1CD3-44AD-90BD-6828BD381E6F}
	EndGlobalSection
EndGlobal
